{
  "name": "public",
  "version": "1.0.0",
  "lockfileVersion": 1,
  "requires": true,
  "dependencies": {
    "angular": {
      "version": "https://registry.npmjs.org/angular/-/angular-1.6.9.tgz",
      "integrity": "sha1-vIEpMuGJCQOEEtWUpZkPS7ZsBhk="
    },
    "angular-route": {
      "version": "1.6.9",
      "resolved": "https://registry.npmjs.org/angular-route/-/angular-route-1.6.9.tgz",
      "integrity": "sha512-giE0PD0T17ZvtJmAB6di27YPPSzYC1kP1BDpM2ZIGZUbs02PvJWRIgYA8z3dy9olzCS35TOwxmE2fJoHWTMm1A=="
    },
    "bootstrap": {
      "version": "https://registry.npmjs.org/bootstrap/-/bootstrap-4.5.0.tgz",
      "integrity": "sha1-l9nby1qJcvhyLJliSDVDuQfZuew="
    }
  }
}
